lockfileVersion: '9.0'

settings:
  autoInstallPeers: true
  excludeLinksFromLockfile: false

importers:

  .:
    dependencies:
      fast-jwt:
        specifier: ^6.0.1
        version: 6.0.1
      undici:
        specifier: ^7.9.0
        version: 7.9.0
    devDependencies:
      '@types/node':
        specifier: ^22.15.17
        version: 22.15.17
      hapns:
        specifier: workspace:^
        version: 'link:'
      prettier:
        specifier: ^3.5.3
        version: 3.5.3
      typescript:
        specifier: ^5.8.3
        version: 5.8.3

  examples/AlertNotification-Extension-example:
    dependencies:
      hapns:
        specifier: workspace:*
        version: link:../..

  examples/AlertNotification-example:
    dependencies:
      hapns:
        specifier: workspace:*
        version: link:../..

  examples/Apple-Wallet-Passes:
    dependencies:
      hapns:
        specifier: workspace:*
        version: link:../..

  examples/BackgroundNotification-example:
    dependencies:
      hapns:
        specifier: workspace:*
        version: link:../..

  examples/ComplicationNotification-example:
    dependencies:
      hapns:
        specifier: workspace:*
        version: link:../..

  examples/ControlsNotification-example:
    dependencies:
      hapns:
        specifier: workspace:*
        version: link:../..

  examples/FileProviderNotification-example:
    dependencies:
      hapns:
        specifier: workspace:*
        version: link:../..

  examples/LiveActivityNotification-example:
    dependencies:
      hapns:
        specifier: workspace:*
        version: link:../..

  examples/LocationNotification-example:
    dependencies:
      hapns:
        specifier: workspace:*
        version: link:../..

  examples/MDMNotification-example:
    dependencies:
      hapns:
        specifier: workspace:*
        version: link:../..

  examples/PushToTalkNotification-example:
    dependencies:
      hapns:
        specifier: workspace:*
        version: link:../..

  examples/VoipNotification-example:
    dependencies:
      hapns:
        specifier: workspace:*
        version: link:../..

packages:

  '@lukeed/ms@2.0.2':
    resolution: {integrity: sha512-9I2Zn6+NJLfaGoz9jN3lpwDgAYvfGeNYdbAIjJOqzs4Tpc+VU3Jqq4IofSUBKajiDS8k9fZIg18/z13mpk1bsA==}
    engines: {node: '>=8'}

  '@types/node@22.15.17':
    resolution: {integrity: sha512-wIX2aSZL5FE+MR0JlvF87BNVrtFWf6AE6rxSE9X7OwnVvoyCQjpzSRJ+M87se/4QCkCiebQAqrJ0y6fwIyi7nw==}

  asn1.js@5.4.1:
    resolution: {integrity: sha512-+I//4cYPccV8LdmBLiX8CYvf9Sp3vQsrqu2QNXRcrbiWvcx/UdlFiqUJJzxRQxgsZmvhXhn4cSKeSmoFjVdupA==}

  bn.js@4.12.2:
    resolution: {integrity: sha512-n4DSx829VRTRByMRGdjQ9iqsN0Bh4OolPsFnaZBLcbi8iXcB+kJ9s7EnRt4wILZNV3kPLHkRVfOc/HvhC3ovDw==}

  ecdsa-sig-formatter@1.0.11:
    resolution: {integrity: sha512-nagl3RYrbNv6kQkeJIpt6NJZy8twLB/2vtz6yN9Z4vRKHN4/QZJIEbqohALSgwKdnksuY3k5Addp5lg8sVoVcQ==}

  fast-jwt@6.0.1:
    resolution: {integrity: sha512-r2aQMsjXw/6itaDv92uYP0daDxM4sukt6MX5gqqA4jDoG1Kd/7RBg1XU3bTZmy80eTWuIe4BVPk/Rys0djwGVA==}
    engines: {node: '>=20'}

  inherits@2.0.4:
    resolution: {integrity: sha512-k/vGaX4/Yla3WzyMCvTQOXYeIHvqOKtnqBduzTHpzpQZzAskKMhZ2K+EnBiSM9zGSoIFeMpXKxa4dYeZIQqewQ==}

  minimalistic-assert@1.0.1:
    resolution: {integrity: sha512-UtJcAD4yEaGtjPezWuO9wC4nwUnVH/8/Im3yEHQP4b67cXlD/Qr9hdITCU1xDbSEXg2XKNaP8jsReV7vQd00/A==}

  mnemonist@0.40.3:
    resolution: {integrity: sha512-Vjyr90sJ23CKKH/qPAgUKicw/v6pRoamxIEDFOF8uSgFME7DqPRpHgRTejWVjkdGg5dXj0/NyxZHZ9bcjH+2uQ==}

  obliterator@2.0.5:
    resolution: {integrity: sha512-42CPE9AhahZRsMNslczq0ctAEtqk8Eka26QofnqC346BZdHDySk3LWka23LI7ULIw11NmltpiLagIq8gBozxTw==}

  prettier@3.5.3:
    resolution: {integrity: sha512-QQtaxnoDJeAkDvDKWCLiwIXkTgRhwYDEQCghU9Z6q03iyek/rxRh/2lC3HB7P8sWT2xC/y5JDctPLBIGzHKbhw==}
    engines: {node: '>=14'}
    hasBin: true

  safe-buffer@5.2.1:
    resolution: {integrity: sha512-rp3So07KcdmmKbGvgaNxQSJr7bGVSVk5S9Eq1F+ppbRo70+YeaDxkw5Dd8NPN+GD6bjnYm2VuPuCXmpuYvmCXQ==}

  safer-buffer@2.1.2:
    resolution: {integrity: sha512-YZo3K82SD7Riyi0E1EQPojLz7kpepnSQI9IyPbHHg1XXXevb5dJI7tpyN2ADxGcQbHG7vcyRHk0cbwqcQriUtg==}

  typescript@5.8.3:
    resolution: {integrity: sha512-p1diW6TqL9L07nNxvRMM7hMMw4c5XOo/1ibL4aAIGmSAt9slTE1Xgw5KWuof2uTOvCg9BY7ZRi+GaF+7sfgPeQ==}
    engines: {node: '>=14.17'}
    hasBin: true

  undici-types@6.21.0:
    resolution: {integrity: sha512-iwDZqg0QAGrg9Rav5H4n0M64c3mkR59cJ6wQp+7C4nI0gsmExaedaYLNO44eT4AtBBwjbTiGPMlt2Md0T9H9JQ==}

  undici@7.9.0:
    resolution: {integrity: sha512-e696y354tf5cFZPXsF26Yg+5M63+5H3oE6Vtkh2oqbvsE2Oe7s2nIbcQh5lmG7Lp/eS29vJtTpw9+p6PX0qNSg==}
    engines: {node: '>=20.18.1'}

snapshots:

  '@lukeed/ms@2.0.2': {}

  '@types/node@22.15.17':
    dependencies:
      undici-types: 6.21.0

  asn1.js@5.4.1:
    dependencies:
      bn.js: 4.12.2
      inherits: 2.0.4
      minimalistic-assert: 1.0.1
      safer-buffer: 2.1.2

  bn.js@4.12.2: {}

  ecdsa-sig-formatter@1.0.11:
    dependencies:
      safe-buffer: 5.2.1

  fast-jwt@6.0.1:
    dependencies:
      '@lukeed/ms': 2.0.2
      asn1.js: 5.4.1
      ecdsa-sig-formatter: 1.0.11
      mnemonist: 0.40.3

  inherits@2.0.4: {}

  minimalistic-assert@1.0.1: {}

  mnemonist@0.40.3:
    dependencies:
      obliterator: 2.0.5

  obliterator@2.0.5: {}

  prettier@3.5.3: {}

  safe-buffer@5.2.1: {}

  safer-buffer@2.1.2: {}

  typescript@5.8.3: {}

  undici-types@6.21.0: {}

  undici@7.9.0: {}
